schema: '2.0'
stages:
  prepare:
    cmd: python -m laboratorio1.pipeline prepare
    deps:
    - path: data/raw/creditcard.csv
      hash: md5
      md5: e90efcb83d69faf99fcab8b0255024de
      size: 150828752
    - path: laboratorio1/config.py
      hash: md5
      md5: fa1e91d8c6c7992543074d50e71a9ca7
      size: 2112
    - path: laboratorio1/dataset.py
      hash: md5
      md5: d5d0ef37e459b2b7b9059b4b64797110
      size: 3980
    - path: laboratorio1/features.py
      hash: md5
      md5: 6190ae5be8e8d5d6f77356388011c8a9
      size: 3545
    - path: laboratorio1/pipeline.py
      hash: md5
      md5: bd97f53dd05eb89dd4101db1c2dcc8c7
      size: 14035
    params:
      params.yaml:
        split:
          validation_size: 0.15
          test_size: 0.15
          seed: 42
    outs:
    - path: data/processed/fraud_splits.npz
      hash: md5
      md5: 2a496ebd85317c9f09f69c227104b6db
      size: 33334023
    - path: models/preprocesador_fraude.joblib
      hash: md5
      md5: 666f5ee9d282cb5347a458f68e888f4f
      size: 887
  train_mlp:
    cmd: python -m laboratorio1.pipeline train-mlp
    deps:
    - path: data/processed/fraud_splits.npz
      hash: md5
      md5: 2a496ebd85317c9f09f69c227104b6db
      size: 33334023
    - path: laboratorio1/config.py
      hash: md5
      md5: fa1e91d8c6c7992543074d50e71a9ca7
      size: 2112
    - path: laboratorio1/modeling/models.py
      hash: md5
      md5: 434e381a122169db03f51e3ffbfbe9ed
      size: 5578
    - path: laboratorio1/modeling/train.py
      hash: md5
      md5: 7d493d1b881cc7d5e678b6ba92af9a75
      size: 11191
    - path: laboratorio1/pipeline.py
      hash: md5
      md5: bd97f53dd05eb89dd4101db1c2dcc8c7
      size: 14035
    params:
      params.yaml:
        mlp:
          learning_rate: 0.001
          l2_regularization: 0.0001
          epochs: 30
          batch_size: 2048
          prediction_batch_size: 4096
          early_stopping_patience: 5
          reduce_lr_patience: 2
          min_learning_rate: 1e-06
        split.seed: 42
    outs:
    - path: models/modelo_mlp_fraude.keras
      hash: md5
      md5: 6b4cf48f1493f2491e2f2bb758a0525f
      size: 112139
  train_autoencoder:
    cmd: python -m laboratorio1.pipeline train-autoencoder
    deps:
    - path: data/processed/fraud_splits.npz
      hash: md5
      md5: 2a496ebd85317c9f09f69c227104b6db
      size: 33334023
    - path: laboratorio1/config.py
      hash: md5
      md5: fa1e91d8c6c7992543074d50e71a9ca7
      size: 2112
    - path: laboratorio1/modeling/models.py
      hash: md5
      md5: 434e381a122169db03f51e3ffbfbe9ed
      size: 5578
    - path: laboratorio1/modeling/train.py
      hash: md5
      md5: 7d493d1b881cc7d5e678b6ba92af9a75
      size: 11191
    - path: laboratorio1/pipeline.py
      hash: md5
      md5: bd97f53dd05eb89dd4101db1c2dcc8c7
      size: 14035
    params:
      params.yaml:
        autoencoder:
          learning_rate: 0.001
          noise_stddev: 0.02
          epochs: 40
          batch_size: 2048
          prediction_batch_size: 4096
          early_stopping_patience: 5
          reduce_lr_patience: 2
          min_learning_rate: 1e-06
        split.seed: 42
    outs:
    - path: models/modelo_autoencoder_fraude.keras
      hash: md5
      md5: d72c5b13f2ea3f67c3438adedad8b3fe
      size: 74661
  evaluate:
    cmd: python -m laboratorio1.pipeline evaluate
    deps:
    - path: data/processed/fraud_splits.npz
      hash: md5
      md5: 2a496ebd85317c9f09f69c227104b6db
      size: 33334023
    - path: laboratorio1/config.py
      hash: md5
      md5: fa1e91d8c6c7992543074d50e71a9ca7
      size: 2112
    - path: laboratorio1/evaluation.py
      hash: md5
      md5: 807ae91fd5439318ef79a68d343a594f
      size: 7683
    - path: laboratorio1/modeling/models.py
      hash: md5
      md5: 434e381a122169db03f51e3ffbfbe9ed
      size: 5578
    - path: laboratorio1/pipeline.py
      hash: md5
      md5: bd97f53dd05eb89dd4101db1c2dcc8c7
      size: 14035
    - path: models/modelo_autoencoder_fraude.keras
      hash: md5
      md5: d72c5b13f2ea3f67c3438adedad8b3fe
      size: 74661
    - path: models/modelo_mlp_fraude.keras
      hash: md5
      md5: 6b4cf48f1493f2491e2f2bb758a0525f
      size: 112139
    params:
      params.yaml:
        autoencoder.prediction_batch_size: 4096
        mlp.prediction_batch_size: 4096
    outs:
    - path: models/umbrales_decision.json
      hash: md5
      md5: 795a6e05a76de0c79104729292120e04
      size: 129
    - path: reports/results/metricas_modelos.csv
      hash: md5
      md5: 82ece626f42ce15b2a1731b795beb2f3
      size: 758
    - path: reports/results/metricas_modelos.json
      hash: md5
      md5: 32eb4a5f9b13c343fedacc5bea0f1c9f
      size: 1206
    - path: reports/results/proveniencia_reproducibilidad.json
      hash: md5
      md5: ad026780f41567c42745188624f93e7c
      size: 1050
