schema: '2.0'
stages:
  prepare:
    cmd: python -m laboratorio1.pipeline prepare
    deps:
    - path: data/raw/creditcard.csv
      hash: md5
      md5: e90efcb83d69faf99fcab8b0255024de
      size: 150828752
    - path: laboratorio1/config.py
      hash: md5
      md5: 915a7ca43916aba7e837f6b18b3a0387
      size: 2452
    - path: laboratorio1/dataset.py
      hash: md5
      md5: bf7c16ffdb63af49742757233e62d063
      size: 4089
    - path: laboratorio1/features.py
      hash: md5
      md5: 2805b4cf217680abc0c0ed98bf3e2b41
      size: 3632
    - path: laboratorio1/pipeline.py
      hash: md5
      md5: 6bf5dbe377d739d8f2454a14bab123d7
      size: 14780
    params:
      params.yaml:
        split:
          validation_size: 0.15
          test_size: 0.15
          seed: 42
    outs:
    - path: data/processed/fraud_splits.npz
      hash: md5
      md5: a3c898926fa701b9b530fdcc7cfc7c82
      size: 33334023
    - path: models/preprocesador_fraude.joblib
      hash: md5
      md5: 91a37e72b0b64589401371ac2a36f44f
      size: 887
  train_mlp:
    cmd: python -m laboratorio1.pipeline train-mlp
    deps:
    - path: data/processed/fraud_splits.npz
      hash: md5
      md5: a3c898926fa701b9b530fdcc7cfc7c82
      size: 33334023
    - path: laboratorio1/config.py
      hash: md5
      md5: 915a7ca43916aba7e837f6b18b3a0387
      size: 2452
    - path: laboratorio1/modeling/models.py
      hash: md5
      md5: 04829bf49eef46123b650b1b85f7c12b
      size: 5725
    - path: laboratorio1/modeling/train.py
      hash: md5
      md5: 837859eb16f4e03b91bc6174a4fb379f
      size: 11532
    - path: laboratorio1/pipeline.py
      hash: md5
      md5: 6bf5dbe377d739d8f2454a14bab123d7
      size: 14780
    params:
      params.yaml:
        mlp:
          learning_rate: 0.001
          l2_regularization: 0.0001
          epochs: 30
          batch_size: 2048
          prediction_batch_size: 4096
          early_stopping_patience: 5
          reduce_lr_patience: 2
          min_learning_rate: 1e-06
        split.seed: 42
    outs:
    - path: models/modelo_mlp_fraude.keras
      hash: md5
      md5: 32f8ed8e10b1cab5613df176f84ee460
      size: 111706
  train_autoencoder:
    cmd: python -m laboratorio1.pipeline train-autoencoder
    deps:
    - path: data/processed/fraud_splits.npz
      hash: md5
      md5: a3c898926fa701b9b530fdcc7cfc7c82
      size: 33334023
    - path: laboratorio1/config.py
      hash: md5
      md5: 915a7ca43916aba7e837f6b18b3a0387
      size: 2452
    - path: laboratorio1/modeling/models.py
      hash: md5
      md5: 04829bf49eef46123b650b1b85f7c12b
      size: 5725
    - path: laboratorio1/modeling/train.py
      hash: md5
      md5: 837859eb16f4e03b91bc6174a4fb379f
      size: 11532
    - path: laboratorio1/pipeline.py
      hash: md5
      md5: 6bf5dbe377d739d8f2454a14bab123d7
      size: 14780
    params:
      params.yaml:
        autoencoder:
          learning_rate: 0.001
          noise_stddev: 0.02
          epochs: 40
          batch_size: 2048
          prediction_batch_size: 4096
          early_stopping_patience: 5
          reduce_lr_patience: 2
          min_learning_rate: 1e-06
        split.seed: 42
    outs:
    - path: models/modelo_autoencoder_fraude.keras
      hash: md5
      md5: 3b8fe522901a5869fafd03eec96cc24e
      size: 74222
  evaluate:
    cmd: python -m laboratorio1.pipeline evaluate
    deps:
    - path: data/processed/fraud_splits.npz
      hash: md5
      md5: a3c898926fa701b9b530fdcc7cfc7c82
      size: 33334023
    - path: laboratorio1/config.py
      hash: md5
      md5: 915a7ca43916aba7e837f6b18b3a0387
      size: 2452
    - path: laboratorio1/evaluation.py
      hash: md5
      md5: 67bbb52b1aab6a4fb60d98c5ce581d8f
      size: 7899
    - path: laboratorio1/modeling/models.py
      hash: md5
      md5: 04829bf49eef46123b650b1b85f7c12b
      size: 5725
    - path: laboratorio1/pipeline.py
      hash: md5
      md5: 6bf5dbe377d739d8f2454a14bab123d7
      size: 14780
    - path: models/modelo_autoencoder_fraude.keras
      hash: md5
      md5: 3b8fe522901a5869fafd03eec96cc24e
      size: 74222
    - path: models/modelo_mlp_fraude.keras
      hash: md5
      md5: 32f8ed8e10b1cab5613df176f84ee460
      size: 111706
    params:
      params.yaml:
        autoencoder.prediction_batch_size: 4096
        mlp.prediction_batch_size: 4096
    outs:
    - path: models/umbrales_decision.json
      hash: md5
      md5: f91b23978d79dcdd854fcfd3c55d48ee
      size: 130
    - path: reports/results/metricas_modelos.csv
      hash: md5
      md5: ffdb2e6cbc7ea1c7741973d2f18fb6aa
      size: 758
    - path: reports/results/metricas_modelos.json
      hash: md5
      md5: 4d10f299494b53f090d54fb10b7e2893
      size: 1206
    - path: reports/results/proveniencia_reproducibilidad.json
      hash: md5
      md5: b41fde50910508e65f51ddbdf2fc6105
      size: 1051
  track_mlflow:
    cmd: python -m laboratorio1.tracking
    deps:
    - path: data/processed/fraud_splits.npz
      hash: md5
      md5: a3c898926fa701b9b530fdcc7cfc7c82
      size: 33334023
    - path: laboratorio1/config.py
      hash: md5
      md5: 915a7ca43916aba7e837f6b18b3a0387
      size: 2452
    - path: laboratorio1/pipeline.py
      hash: md5
      md5: 6bf5dbe377d739d8f2454a14bab123d7
      size: 14780
    - path: laboratorio1/tracking.py
      hash: md5
      md5: be7656c11214f1dac6fbe6983c946a98
      size: 9170
    - path: models/modelo_autoencoder_fraude.keras
      hash: md5
      md5: 3b8fe522901a5869fafd03eec96cc24e
      size: 74222
    - path: models/modelo_mlp_fraude.keras
      hash: md5
      md5: 32f8ed8e10b1cab5613df176f84ee460
      size: 111706
    - path: models/umbrales_decision.json
      hash: md5
      md5: f91b23978d79dcdd854fcfd3c55d48ee
      size: 130
    - path: reports/results/metricas_modelos.csv
      hash: md5
      md5: ffdb2e6cbc7ea1c7741973d2f18fb6aa
      size: 758
    - path: reports/results/metricas_modelos.json
      hash: md5
      md5: 4d10f299494b53f090d54fb10b7e2893
      size: 1206
    - path: reports/results/proveniencia_reproducibilidad.json
      hash: md5
      md5: b41fde50910508e65f51ddbdf2fc6105
      size: 1051
    params:
      params.yaml:
        autoencoder:
          learning_rate: 0.001
          noise_stddev: 0.02
          epochs: 40
          batch_size: 2048
          prediction_batch_size: 4096
          early_stopping_patience: 5
          reduce_lr_patience: 2
          min_learning_rate: 1e-06
        mlflow:
          enabled: true
          tracking_uri: sqlite:///mlflow.db
          experiment_name: deteccion_fraude
          log_models: true
        mlp:
          learning_rate: 0.001
          l2_regularization: 0.0001
          epochs: 30
          batch_size: 2048
          prediction_batch_size: 4096
          early_stopping_patience: 5
          reduce_lr_patience: 2
          min_learning_rate: 1e-06
        split:
          validation_size: 0.15
          test_size: 0.15
          seed: 42
